
Microsoft Visual Studio Solution File, Format Version 12.00
# Visual Studio 2013
VisualStudioVersion = 12.0.40629.0
MinimumVisualStudioVersion = 10.0.40219.1
Project("{FAE04EC0-301F-11D3-BF4B-00C04F79EFBC}") = "Startup", "Startup\Startup.csproj", "{D80CCA34-82B6-4258-9A88-A90765DF09DD}"
EndProject
Project("{FAE04EC0-301F-11D3-BF4B-00C04F79EFBC}") = "Core", "Core\Core.csproj", "{42E9FB85-F3D7-470A-B028-2B517B0DD339}"
EndProject
Project("{2150E333-8FDC-42A3-9474-1A3956D46DE8}") = "Plugin", "Plugin", "{192D76F3-18D4-48D8-B4E0-2D2F13D93D4B}"
EndProject
Project("{2150E333-8FDC-42A3-9474-1A3956D46DE8}") = "Sample", "Sample", "{A1EFE0BF-2B17-4F9B-9CB4-C5FDD3EFD8C6}"
EndProject
Project("{FAE04EC0-301F-11D3-BF4B-00C04F79EFBC}") = "SimpleServer", "Sample\SimpleServer\SimpleServer.csproj", "{D20B1AA3-426E-46F0-84E4-D0D8E96FCBD2}"
EndProject
Project("{FAE04EC0-301F-11D3-BF4B-00C04F79EFBC}") = "SimpleClient", "Sample\SimpleClient\SimpleClient.csproj", "{498B0820-04AC-49F3-9C74-6404EA412EB1}"
EndProject
Project("{FAE04EC0-301F-11D3-BF4B-00C04F79EFBC}") = "Logs", "Plugin\Logs\Logs.csproj", "{6AFF2DFB-A3D7-4207-8E72-53CE2587C6B3}"
EndProject
Global
	GlobalSection(SolutionConfigurationPlatforms) = preSolution
		Debug|Any CPU = Debug|Any CPU
		Release|Any CPU = Release|Any CPU
	EndGlobalSection
	GlobalSection(ProjectConfigurationPlatforms) = postSolution
		{D80CCA34-82B6-4258-9A88-A90765DF09DD}.Debug|Any CPU.ActiveCfg = Debug|Any CPU
		{D80CCA34-82B6-4258-9A88-A90765DF09DD}.Debug|Any CPU.Build.0 = Debug|Any CPU
		{D80CCA34-82B6-4258-9A88-A90765DF09DD}.Release|Any CPU.ActiveCfg = Release|Any CPU
		{D80CCA34-82B6-4258-9A88-A90765DF09DD}.Release|Any CPU.Build.0 = Release|Any CPU
		{42E9FB85-F3D7-470A-B028-2B517B0DD339}.Debug|Any CPU.ActiveCfg = Debug|Any CPU
		{42E9FB85-F3D7-470A-B028-2B517B0DD339}.Debug|Any CPU.Build.0 = Debug|Any CPU
		{42E9FB85-F3D7-470A-B028-2B517B0DD339}.Release|Any CPU.ActiveCfg = Release|Any CPU
		{42E9FB85-F3D7-470A-B028-2B517B0DD339}.Release|Any CPU.Build.0 = Release|Any CPU
		{D20B1AA3-426E-46F0-84E4-D0D8E96FCBD2}.Debug|Any CPU.ActiveCfg = Debug|Any CPU
		{D20B1AA3-426E-46F0-84E4-D0D8E96FCBD2}.Debug|Any CPU.Build.0 = Debug|Any CPU
		{D20B1AA3-426E-46F0-84E4-D0D8E96FCBD2}.Release|Any CPU.ActiveCfg = Release|Any CPU
		{D20B1AA3-426E-46F0-84E4-D0D8E96FCBD2}.Release|Any CPU.Build.0 = Release|Any CPU
		{498B0820-04AC-49F3-9C74-6404EA412EB1}.Debug|Any CPU.ActiveCfg = Debug|Any CPU
		{498B0820-04AC-49F3-9C74-6404EA412EB1}.Debug|Any CPU.Build.0 = Debug|Any CPU
		{498B0820-04AC-49F3-9C74-6404EA412EB1}.Release|Any CPU.ActiveCfg = Release|Any CPU
		{498B0820-04AC-49F3-9C74-6404EA412EB1}.Release|Any CPU.Build.0 = Release|Any CPU
		{6AFF2DFB-A3D7-4207-8E72-53CE2587C6B3}.Debug|Any CPU.ActiveCfg = Debug|Any CPU
		{6AFF2DFB-A3D7-4207-8E72-53CE2587C6B3}.Debug|Any CPU.Build.0 = Debug|Any CPU
		{6AFF2DFB-A3D7-4207-8E72-53CE2587C6B3}.Release|Any CPU.ActiveCfg = Release|Any CPU
		{6AFF2DFB-A3D7-4207-8E72-53CE2587C6B3}.Release|Any CPU.Build.0 = Release|Any CPU
	EndGlobalSection
	GlobalSection(SolutionProperties) = preSolution
		HideSolutionNode = FALSE
	EndGlobalSection
	GlobalSection(NestedProjects) = preSolution
		{D20B1AA3-426E-46F0-84E4-D0D8E96FCBD2} = {A1EFE0BF-2B17-4F9B-9CB4-C5FDD3EFD8C6}
		{498B0820-04AC-49F3-9C74-6404EA412EB1} = {A1EFE0BF-2B17-4F9B-9CB4-C5FDD3EFD8C6}
		{6AFF2DFB-A3D7-4207-8E72-53CE2587C6B3} = {192D76F3-18D4-48D8-B4E0-2D2F13D93D4B}
	EndGlobalSection
EndGlobal
